// !$*UTF8*$!
{
	archiveVersion = 1;
	classes = {
	};
	objectVersion = 50;
	objects = {

/* Begin PBXBuildFile section */
		42B0AC7C2486F24B00A56CD9 /* AppDelegate.swift in Sources */ = {isa = PBXBuildFile; fileRef = 42B0AC7B2486F24B00A56CD9 /* AppDelegate.swift */; };
		42B0AC7E2486F24B00A56CD9 /* SceneDelegate.swift in Sources */ = {isa = PBXBuildFile; fileRef = 42B0AC7D2486F24B00A56CD9 /* SceneDelegate.swift */; };
		42B0AC802486F24B00A56CD9 /* ViewController.swift in Sources */ = {isa = PBXBuildFile; fileRef = 42B0AC7F2486F24B00A56CD9 /* ViewController.swift */; };
		42B0AC832486F24B00A56CD9 /* Main.storyboard in Resources */ = {isa = PBXBuildFile; fileRef = 42B0AC812486F24B00A56CD9 /* Main.storyboard */; };
		42B0AC852486F24D00A56CD9 /* Assets.xcassets in Resources */ = {isa = PBXBuildFile; fileRef = 42B0AC842486F24D00A56CD9 /* Assets.xcassets */; };
		42B0AC882486F24D00A56CD9 /* LaunchScreen.storyboard in Resources */ = {isa = PBXBuildFile; fileRef = 42B0AC862486F24D00A56CD9 /* LaunchScreen.storyboard */; };
		42C3102D2486FCE9000A16A6 /* Jellyfish.dae in Resources */ = {isa = PBXBuildFile; fileRef = 42C3102C2486FCE9000A16A6 /* Jellyfish.dae */; };
		42C3102F2486FCF3000A16A6 /* Jellyfish.png in Resources */ = {isa = PBXBuildFile; fileRef = 42C3102E2486FCF3000A16A6 /* Jellyfish.png */; };
		42C310312486FDC2000A16A6 /* Jellyfish.scn in Resources */ = {isa = PBXBuildFile; fileRef = 42C310302486FDC2000A16A6 /* Jellyfish.scn */; };
/* End PBXBuildFile section */

/* Begin PBXFileReference section */
		42B0AC782486F24B00A56CD9 /* AR Hiting jellyfish.app */ = {isa = PBXFileReference; explicitFileType = wrapper.application; includeInIndex = 0; path = "AR Hiting jellyfish.app"; sourceTree = BUILT_PRODUCTS_DIR; };
		42B0AC7B2486F24B00A56CD9 /* AppDelegate.swift */ = {isa = PBXFileReference; lastKnownFileType = sourcecode.swift; path = AppDelegate.swift; sourceTree = "<group>"; };
		42B0AC7D2486F24B00A56CD9 /* SceneDelegate.swift */ = {isa = PBXFileReference; lastKnownFileType = sourcecode.swift; path = SceneDelegate.swift; sourceTree = "<group>"; };
		42B0AC7F2486F24B00A56CD9 /* ViewController.swift */ = {isa = PBXFileReference; lastKnownFileType = sourcecode.swift; path = ViewController.swift; sourceTree = "<group>"; };
		42B0AC822486F24B00A56CD9 /* Base */ = {isa = PBXFileReference; lastKnownFileType = file.storyboard; name = Base; path = Base.lproj/Main.storyboard; sourceTree = "<group>"; };
		42B0AC842486F24D00A56CD9 /* Assets.xcassets */ = {isa = PBXFileReference; lastKnownFileType = folder.assetcatalog; path = Assets.xcassets; sourceTree = "<group>"; };
		42B0AC872486F24D00A56CD9 /* Base */ = {isa = PBXFileReference; lastKnownFileType = file.storyboard; name = Base; path = Base.lproj/LaunchScreen.storyboard; sourceTree = "<group>"; };
		42B0AC892486F24D00A56CD9 /* Info.plist */ = {isa = PBXFileReference; lastKnownFileType = text.plist.xml; path = Info.plist; sourceTree = "<group>"; };
		42C3102C2486FCE9000A16A6 /* Jellyfish.dae */ = {isa = PBXFileReference; fileEncoding = 4; lastKnownFileType = text.xml.dae; path = Jellyfish.dae; sourceTree = "<group>"; };
		42C3102E2486FCF3000A16A6 /* Jellyfish.png */ = {isa = PBXFileReference; lastKnownFileType = image.png; path = Jellyfish.png; sourceTree = "<group>"; };
		42C310302486FDC2000A16A6 /* Jellyfish.scn */ = {isa = PBXFileReference; lastKnownFileType = file.bplist; path = Jellyfish.scn; sourceTree = "<group>"; };
/* End PBXFileReference section */

/* Begin PBXFrameworksBuildPhase section */
		42B0AC752486F24B00A56CD9 /* Frameworks */ = {
			isa = PBXFrameworksBuildPhase;
			buildActionMask = 2147483647;
			files = (
			);
			runOnlyForDeploymentPostprocessing = 0;
		};
/* End PBXFrameworksBuildPhase section */

/* Begin PBXGroup section */
		42B0AC6F2486F24B00A56CD9 = {
			isa = PBXGroup;
			children = (
				42B0AC7A2486F24B00A56CD9 /* AR Hiting jellyfish */,
				42B0AC792486F24B00A56CD9 /* Products */,
			);
			sourceTree = "<group>";
		};
		42B0AC792486F24B00A56CD9 /* Products */ = {
			isa = PBXGroup;
			children = (
				42B0AC782486F24B00A56CD9 /* AR Hiting jellyfish.app */,
			);
			name = Products;
			sourceTree = "<group>";
		};
		42B0AC7A2486F24B00A56CD9 /* AR Hiting jellyfish */ = {
			isa = PBXGroup;
			children = (
				42B0AC7B2486F24B00A56CD9 /* AppDelegate.swift */,
				42B0AC7D2486F24B00A56CD9 /* SceneDelegate.swift */,
				42B0AC7F2486F24B00A56CD9 /* ViewController.swift */,
				42B0AC812486F24B00A56CD9 /* Main.storyboard */,
				42B0AC842486F24D00A56CD9 /* Assets.xcassets */,
				42B0AC862486F24D00A56CD9 /* LaunchScreen.storyboard */,
				42B0AC892486F24D00A56CD9 /* Info.plist */,
				42C3102C2486FCE9000A16A6 /* Jellyfish.dae */,
				42C3102E2486FCF3000A16A6 /* Jellyfish.png */,
				42C310302486FDC2000A16A6 /* Jellyfish.scn */,
			);
			path = "AR Hiting jellyfish";
			sourceTree = "<group>";
		};
/* End PBXGroup section */

/* Begin PBXNativeTarget section */
		42B0AC772486F24B00A56CD9 /* AR Hiting jellyfish */ = {
			isa = PBXNativeTarget;
			buildConfigurationList = 42B0AC8C2486F24D00A56CD9 /* Build configuration list for PBXNativeTarget "AR Hiting jellyfish" */;
			buildPhases = (
				42B0AC742486F24B00A56CD9 /* Sources */,
				42B0AC752486F24B00A56CD9 /* Frameworks */,
				42B0AC762486F24B00A56CD9 /* Resources */,
			);
			buildRules = (
			);
			dependencies = (
			);
			name = "AR Hiting jellyfish";
			productName = "AR Hiting jellyfish";
			productReference = 42B0AC782486F24B00A56CD9 /* AR Hiting jellyfish.app */;
			productType = "com.apple.product-type.application";
		};
/* End PBXNativeTarget section */

/* Begin PBXProject section */
		42B0AC702486F24B00A56CD9 /* Project object */ = {
			isa = PBXProject;
			attributes = {
				LastSwiftUpdateCheck = 1130;
				LastUpgradeCheck = 1130;
				ORGANIZATIONNAME = MISO;
				TargetAttributes = {
					42B0AC772486F24B00A56CD9 = {
						CreatedOnToolsVersion = 11.3.1;
					};
				};
			};
			buildConfigurationList = 42B0AC732486F24B00A56CD9 /* Build configuration list for PBXProject "AR Hiting jellyfish" */;
			compatibilityVersion = "Xcode 9.3";
			developmentRegion = en;
			hasScannedForEncodings = 0;
			knownRegions = (
				en,
				Base,
			);
			mainGroup = 42B0AC6F2486F24B00A56CD9;
			productRefGroup = 42B0AC792486F24B00A56CD9 /* Products */;
			projectDirPath = "";
			projectRoot = "";
			targets = (
				42B0AC772486F24B00A56CD9 /* AR Hiting jellyfish */,
			);
		};
/* End PBXProject section */

/* Begin PBXResourcesBuildPhase section */
		42B0AC762486F24B00A56CD9 /* Resources */ = {
			isa = PBXResourcesBuildPhase;
			buildActionMask = 2147483647;
			files = (
				42C3102F2486FCF3000A16A6 /* Jellyfish.png in Resources */,
				42B0AC882486F24D00A56CD9 /* LaunchScreen.storyboard in Resources */,
				42B0AC852486F24D00A56CD9 /* Assets.xcassets in Resources */,
				42C310312486FDC2000A16A6 /* Jellyfish.scn in Resources */,
				42B0AC832486F24B00A56CD9 /* Main.storyboard in Resources */,
				42C3102D2486FCE9000A16A6 /* Jellyfish.dae in Resources */,
			);
			runOnlyForDeploymentPostprocessing = 0;
		};
/* End PBXResourcesBuildPhase section */

/* Begin PBXSourcesBuildPhase section */
		42B0AC742486F24B00A56CD9 /* Sources */ = {
			isa = PBXSourcesBuildPhase;
			buildActionMask = 2147483647;
			files = (
				42B0AC802486F24B00A56CD9 /* ViewController.swift in Sources */,
				42B0AC7C2486F24B00A56CD9 /* AppDelegate.swift in Sources */,
				42B0AC7E2486F24B00A56CD9 /* SceneDelegate.swift in Sources */,
			);
			runOnlyForDeploymentPostprocessing = 0;
		};
/* End PBXSourcesBuildPhase section */

/* Begin PBXVariantGroup section */
		42B0AC812486F24B00A56CD9 /* Main.storyboard */ = {
			isa = PBXVariantGroup;
			children = (
				42B0AC822486F24B00A56CD9 /* Base */,
			);
			name = Main.storyboard;
			sourceTree = "<group>";
		};
		42B0AC862486F24D00A56CD9 /* LaunchScreen.storyboard */ = {
			isa = PBXVariantGroup;
			children = (
				42B0AC872486F24D00A56CD9 /* Base */,
			);
			name = LaunchScreen.storyboard;
			sourceTree = "<group>";
		};
/* End PBXVariantGroup section */

/* Begin XCBuildConfiguration section */
		42B0AC8A2486F24D00A56CD9 /* Debug */ = {
			isa = XCBuildConfiguration;
			buildSettings = {
				ALWAYS_SEARCH_USER_PATHS = NO;
				CLANG_ANALYZER_NONNULL = YES;
				CLANG_ANALYZER_NUMBER_OBJECT_CONVERSION = YES_AGGRESSIVE;
				CLANG_CXX_LANGUAGE_STANDARD = "gnu++14";
				CLANG_CXX_LIBRARY = "libc++";
				CLANG_ENABLE_MODULES = YES;
				CLANG_ENABLE_OBJC_ARC = YES;
				CLANG_ENABLE_OBJC_WEAK = YES;
				CLANG_WARN_BLOCK_CAPTURE_AUTORELEASING = YES;
				CLANG_WARN_BOOL_CONVERSION = YES;
				CLANG_WARN_COMMA = YES;
				CLANG_WARN_CONSTANT_CONVERSION = YES;
				CLANG_WARN_DEPRECATED_OBJC_IMPLEMENTATIONS = YES;
				CLANG_WARN_DIRECT_OBJC_ISA_USAGE = YES_ERROR;
				CLANG_WARN_DOCUMENTATION_COMMENTS = YES;
				CLANG_WARN_EMPTY_BODY = YES;
				CLANG_WARN_ENUM_CONVERSION = YES;
				CLANG_WARN_INFINITE_RECURSION = YES;
				CLANG_WARN_INT_CONVERSION = YES;
				CLANG_WARN_NON_LITERAL_NULL_CONVERSION = YES;
				CLANG_WARN_OBJC_IMPLICIT_RETAIN_SELF = YES;
				CLANG_WARN_OBJC_LITERAL_CONVERSION = YES;
				CLANG_WARN_OBJC_ROOT_CLASS = YES_ERROR;
				CLANG_WARN_RANGE_LOOP_ANALYSIS = YES;
				CLANG_WARN_STRICT_PROTOTYPES = YES;
				CLANG_WARN_SUSPICIOUS_MOVE = YES;
				CLANG_WARN_UNGUARDED_AVAILABILITY = YES_AGGRESSIVE;
				CLANG_WARN_UNREACHABLE_CODE = YES;
				CLANG_WARN__DUPLICATE_METHOD_MATCH = YES;
				COPY_PHASE_STRIP = NO;
				DEBUG_INFORMATION_FORMAT = dwarf;
				ENABLE_STRICT_OBJC_MSGSEND = YES;
				ENABLE_TESTABILITY = YES;
				GCC_C_LANGUAGE_STANDARD = gnu11;
				GCC_DYNAMIC_NO_PIC = NO;
				GCC_NO_COMMON_BLOCKS = YES;
				GCC_OPTIMIZATION_LEVEL = 0;
				GCC_PREPROCESSOR_DEFINITIONS = (
					"DEBUG=1",
					"$(inherited)",
				);
				GCC_WARN_64_TO_32_BIT_CONVERSION = YES;
				GCC_WARN_ABOUT_RETURN_TYPE = YES_ERROR;
				GCC_WARN_UNDECLARED_SELECTOR = YES;
				GCC_WARN_UNINITIALIZED_AUTOS = YES_AGGRESSIVE;
				GCC_WARN_UNUSED_FUNCTION = YES;
				GCC_WARN_UNUSED_VARIABLE = YES;
				IPHONEOS_DEPLOYMENT_TARGET = 13.2;
				MTL_ENABLE_DEBUG_INFO = INCLUDE_SOURCE;
				MTL_FAST_MATH = YES;
				ONLY_ACTIVE_ARCH = YES;
				SDKROOT = iphoneos;
				SWIFT_ACTIVE_COMPILATION_CONDITIONS = DEBUG;
				SWIFT_OPTIMIZATION_LEVEL = "-Onone";
			};
			name = Debug;
		};
		42B0AC8B2486F24D00A56CD9 /* Release */ = {
			isa = XCBuildConfiguration;
			buildSettings = {
				ALWAYS_SEARCH_USER_PATHS = NO;
				CLANG_ANALYZER_NONNULL = YES;
				CLANG_ANALYZER_NUMBER_OBJECT_CONVERSION = YES_AGGRESSIVE;
				CLANG_CXX_LANGUAGE_STANDARD = "gnu++14";
				CLANG_CXX_LIBRARY = "libc++";
				CLANG_ENABLE_MODULES = YES;
				CLANG_ENABLE_OBJC_ARC = YES;
				CLANG_ENABLE_OBJC_WEAK = YES;
				CLANG_WARN_BLOCK_CAPTURE_AUTORELEASING = YES;
				CLANG_WARN_BOOL_CONVERSION = YES;
				CLANG_WARN_COMMA = YES;
				CLANG_WARN_CONSTANT_CONVERSION = YES;
				CLANG_WARN_DEPRECATED_OBJC_IMPLEMENTATIONS = YES;
				CLANG_WARN_DIRECT_OBJC_ISA_USAGE = YES_ERROR;
				CLANG_WARN_DOCUMENTATION_COMMENTS = YES;
				CLANG_WARN_EMPTY_BODY = YES;
				CLANG_WARN_ENUM_CONVERSION = YES;
				CLANG_WARN_INFINITE_RECURSION = YES;
				CLANG_WARN_INT_CONVERSION = YES;
				CLANG_WARN_NON_LITERAL_NULL_CONVERSION = YES;
				CLANG_WARN_OBJC_IMPLICIT_RETAIN_SELF = YES;
				CLANG_WARN_OBJC_LITERAL_CONVERSION = YES;
				CLANG_WARN_OBJC_ROOT_CLASS = YES_ERROR;
				CLANG_WARN_RANGE_LOOP_ANALYSIS = YES;
				CLANG_WARN_STRICT_PROTOTYPES = YES;
				CLANG_WARN_SUSPICIOUS_MOVE = YES;
				CLANG_WARN_UNGUARDED_AVAILABILITY = YES_AGGRESSIVE;
				CLANG_WARN_UNREACHABLE_CODE = YES;
				CLANG_WARN__DUPLICATE_METHOD_MATCH = YES;
				COPY_PHASE_STRIP = NO;
				DEBUG_INFORMATION_FORMAT = "dwarf-with-dsym";
				ENABLE_NS_ASSERTIONS = NO;
				ENABLE_STRICT_OBJC_MSGSEND = YES;
				GCC_C_LANGUAGE_STANDARD = gnu11;
				GCC_NO_COMMON_BLOCKS = YES;
				GCC_WARN_64_TO_32_BIT_CONVERSION = YES;
				GCC_WARN_ABOUT_RETURN_TYPE = YES_ERROR;
				GCC_WARN_UNDECLARED_SELECTOR = YES;
				GCC_WARN_UNINITIALIZED_AUTOS = YES_AGGRESSIVE;
				GCC_WARN_UNUSED_FUNCTION = YES;
				GCC_WARN_UNUSED_VARIABLE = YES;
				IPHONEOS_DEPLOYMENT_TARGET = 13.2;
				MTL_ENABLE_DEBUG_INFO = NO;
				MTL_FAST_MATH = YES;
				SDKROOT = iphoneos;
				SWIFT_COMPILATION_MODE = wholemodule;
				SWIFT_OPTIMIZATION_LEVEL = "-O";
				VALIDATE_PRODUCT = YES;
			};
			name = Release;
		};
		42B0AC8D2486F24D00A56CD9 /* Debug */ = {
			isa = XCBuildConfiguration;
			buildSettings = {
				ASSETCATALOG_COMPILER_APPICON_NAME = AppIcon;
				CODE_SIGN_STYLE = Automatic;
				DEVELOPMENT_TEAM = TEAF832HEC;
				INFOPLIST_FILE = "AR Hiting jellyfish/Info.plist";
				LD_RUNPATH_SEARCH_PATHS = (
					"$(inherited)",
					"@executable_path/Frameworks",
				);
				PRODUCT_BUNDLE_IDENTIFIER = "com.miso.AR-Hiting-jellyfish";
				PRODUCT_NAME = "$(TARGET_NAME)";
				SWIFT_VERSION = 5.0;
				TARGETED_DEVICE_FAMILY = "1,2";
			};
			name = Debug;
		};
		42B0AC8E2486F24D00A56CD9 /* Release */ = {
			isa = XCBuildConfiguration;
			buildSettings = {
				ASSETCATALOG_COMPILER_APPICON_NAME = AppIcon;
				CODE_SIGN_STYLE = Automatic;
				DEVELOPMENT_TEAM = TEAF832HEC;
				INFOPLIST_FILE = "AR Hiting jellyfish/Info.plist";
				LD_RUNPATH_SEARCH_PATHS = (
					"$(inherited)",
					"@executable_path/Frameworks",
				);
				PRODUCT_BUNDLE_IDENTIFIER = "com.miso.AR-Hiting-jellyfish";
				PRODUCT_NAME = "$(TARGET_NAME)";
				SWIFT_VERSION = 5.0;
				TARGETED_DEVICE_FAMILY = "1,2";
			};
			name = Release;
		};
/* End XCBuildConfiguration section */

/* Begin XCConfigurationList section */
		42B0AC732486F24B00A56CD9 /* Build configuration list for PBXProject "AR Hiting jellyfish" */ = {
			isa = XCConfigurationList;
			buildConfigurations = (
				42B0AC8A2486F24D00A56CD9 /* Debug */,
				42B0AC8B2486F24D00A56CD9 /* Release */,
			);
			defaultConfigurationIsVisible = 0;
			defaultConfigurationName = Release;
		};
		42B0AC8C2486F24D00A56CD9 /* Build configuration list for PBXNativeTarget "AR Hiting jellyfish" */ = {
			isa = XCConfigurationList;
			buildConfigurations = (
				42B0AC8D2486F24D00A56CD9 /* Debug */,
				42B0AC8E2486F24D00A56CD9 /* Release */,
			);
			defaultConfigurationIsVisible = 0;
			defaultConfigurationName = Release;
		};
/* End XCConfigurationList section */
	};
	rootObject = 42B0AC702486F24B00A56CD9 /* Project object */;
}
