// !$*UTF8*$!
{
	archiveVersion = 1;
	classes = {
	};
	objectVersion = 50;
	objects = {

/* Begin PBXBuildFile section */
		42C919D52486F4960080EC00 /* AppDelegate.swift in Sources */ = {isa = PBXBuildFile; fileRef = 42C919D42486F4960080EC00 /* AppDelegate.swift */; };
		42C919D72486F4960080EC00 /* SceneDelegate.swift in Sources */ = {isa = PBXBuildFile; fileRef = 42C919D62486F4960080EC00 /* SceneDelegate.swift */; };
		42C919D92486F4960080EC00 /* ViewController.swift in Sources */ = {isa = PBXBuildFile; fileRef = 42C919D82486F4960080EC00 /* ViewController.swift */; };
		42C919DC2486F4960080EC00 /* Main.storyboard in Resources */ = {isa = PBXBuildFile; fileRef = 42C919DA2486F4960080EC00 /* Main.storyboard */; };
		42C919DE2486F4980080EC00 /* Assets.xcassets in Resources */ = {isa = PBXBuildFile; fileRef = 42C919DD2486F4980080EC00 /* Assets.xcassets */; };
		42C919E12486F4980080EC00 /* LaunchScreen.storyboard in Resources */ = {isa = PBXBuildFile; fileRef = 42C919DF2486F4980080EC00 /* LaunchScreen.storyboard */; };
		42C919E92486F82F0080EC00 /* itemCell.swift in Sources */ = {isa = PBXBuildFile; fileRef = 42C919E82486F82F0080EC00 /* itemCell.swift */; };
		42C919F52486FFAA0080EC00 /* Models.scnassets in Resources */ = {isa = PBXBuildFile; fileRef = 42C919F42486FFAA0080EC00 /* Models.scnassets */; };
/* End PBXBuildFile section */

/* Begin PBXFileReference section */
		42C919D12486F4960080EC00 /* Ikea.app */ = {isa = PBXFileReference; explicitFileType = wrapper.application; includeInIndex = 0; path = Ikea.app; sourceTree = BUILT_PRODUCTS_DIR; };
		42C919D42486F4960080EC00 /* AppDelegate.swift */ = {isa = PBXFileReference; lastKnownFileType = sourcecode.swift; path = AppDelegate.swift; sourceTree = "<group>"; };
		42C919D62486F4960080EC00 /* SceneDelegate.swift */ = {isa = PBXFileReference; lastKnownFileType = sourcecode.swift; path = SceneDelegate.swift; sourceTree = "<group>"; };
		42C919D82486F4960080EC00 /* ViewController.swift */ = {isa = PBXFileReference; lastKnownFileType = sourcecode.swift; path = ViewController.swift; sourceTree = "<group>"; };
		42C919DB2486F4960080EC00 /* Base */ = {isa = PBXFileReference; lastKnownFileType = file.storyboard; name = Base; path = Base.lproj/Main.storyboard; sourceTree = "<group>"; };
		42C919DD2486F4980080EC00 /* Assets.xcassets */ = {isa = PBXFileReference; lastKnownFileType = folder.assetcatalog; path = Assets.xcassets; sourceTree = "<group>"; };
		42C919E02486F4980080EC00 /* Base */ = {isa = PBXFileReference; lastKnownFileType = file.storyboard; name = Base; path = Base.lproj/LaunchScreen.storyboard; sourceTree = "<group>"; };
		42C919E22486F4980080EC00 /* Info.plist */ = {isa = PBXFileReference; lastKnownFileType = text.plist.xml; path = Info.plist; sourceTree = "<group>"; };
		42C919E82486F82F0080EC00 /* itemCell.swift */ = {isa = PBXFileReference; lastKnownFileType = sourcecode.swift; path = itemCell.swift; sourceTree = "<group>"; };
		42C919F42486FFAA0080EC00 /* Models.scnassets */ = {isa = PBXFileReference; lastKnownFileType = wrapper.scnassets; path = Models.scnassets; sourceTree = "<group>"; };
/* End PBXFileReference section */

/* Begin PBXFrameworksBuildPhase section */
		42C919CE2486F4960080EC00 /* Frameworks */ = {
			isa = PBXFrameworksBuildPhase;
			buildActionMask = 2147483647;
			files = (
			);
			runOnlyForDeploymentPostprocessing = 0;
		};
/* End PBXFrameworksBuildPhase section */

/* Begin PBXGroup section */
		42C919C82486F4960080EC00 = {
			isa = PBXGroup;
			children = (
				42C919D32486F4960080EC00 /* Ikea */,
				42C919D22486F4960080EC00 /* Products */,
			);
			sourceTree = "<group>";
		};
		42C919D22486F4960080EC00 /* Products */ = {
			isa = PBXGroup;
			children = (
				42C919D12486F4960080EC00 /* Ikea.app */,
			);
			name = Products;
			sourceTree = "<group>";
		};
		42C919D32486F4960080EC00 /* Ikea */ = {
			isa = PBXGroup;
			children = (
				42C919F42486FFAA0080EC00 /* Models.scnassets */,
				42C919D42486F4960080EC00 /* AppDelegate.swift */,
				42C919D62486F4960080EC00 /* SceneDelegate.swift */,
				42C919D82486F4960080EC00 /* ViewController.swift */,
				42C919DA2486F4960080EC00 /* Main.storyboard */,
				42C919DD2486F4980080EC00 /* Assets.xcassets */,
				42C919DF2486F4980080EC00 /* LaunchScreen.storyboard */,
				42C919E22486F4980080EC00 /* Info.plist */,
				42C919E82486F82F0080EC00 /* itemCell.swift */,
			);
			path = Ikea;
			sourceTree = "<group>";
		};
/* End PBXGroup section */

/* Begin PBXNativeTarget section */
		42C919D02486F4960080EC00 /* Ikea */ = {
			isa = PBXNativeTarget;
			buildConfigurationList = 42C919E52486F4980080EC00 /* Build configuration list for PBXNativeTarget "Ikea" */;
			buildPhases = (
				42C919CD2486F4960080EC00 /* Sources */,
				42C919CE2486F4960080EC00 /* Frameworks */,
				42C919CF2486F4960080EC00 /* Resources */,
			);
			buildRules = (
			);
			dependencies = (
			);
			name = Ikea;
			productName = Ikea;
			productReference = 42C919D12486F4960080EC00 /* Ikea.app */;
			productType = "com.apple.product-type.application";
		};
/* End PBXNativeTarget section */

/* Begin PBXProject section */
		42C919C92486F4960080EC00 /* Project object */ = {
			isa = PBXProject;
			attributes = {
				LastSwiftUpdateCheck = 1150;
				LastUpgradeCheck = 1150;
				ORGANIZATIONNAME = Miso;
				TargetAttributes = {
					42C919D02486F4960080EC00 = {
						CreatedOnToolsVersion = 11.5;
					};
				};
			};
			buildConfigurationList = 42C919CC2486F4960080EC00 /* Build configuration list for PBXProject "Ikea" */;
			compatibilityVersion = "Xcode 9.3";
			developmentRegion = en;
			hasScannedForEncodings = 0;
			knownRegions = (
				en,
				Base,
			);
			mainGroup = 42C919C82486F4960080EC00;
			productRefGroup = 42C919D22486F4960080EC00 /* Products */;
			projectDirPath = "";
			projectRoot = "";
			targets = (
				42C919D02486F4960080EC00 /* Ikea */,
			);
		};
/* End PBXProject section */

/* Begin PBXResourcesBuildPhase section */
		42C919CF2486F4960080EC00 /* Resources */ = {
			isa = PBXResourcesBuildPhase;
			buildActionMask = 2147483647;
			files = (
				42C919E12486F4980080EC00 /* LaunchScreen.storyboard in Resources */,
				42C919DE2486F4980080EC00 /* Assets.xcassets in Resources */,
				42C919DC2486F4960080EC00 /* Main.storyboard in Resources */,
				42C919F52486FFAA0080EC00 /* Models.scnassets in Resources */,
			);
			runOnlyForDeploymentPostprocessing = 0;
		};
/* End PBXResourcesBuildPhase section */

/* Begin PBXSourcesBuildPhase section */
		42C919CD2486F4960080EC00 /* Sources */ = {
			isa = PBXSourcesBuildPhase;
			buildActionMask = 2147483647;
			files = (
				42C919E92486F82F0080EC00 /* itemCell.swift in Sources */,
				42C919D92486F4960080EC00 /* ViewController.swift in Sources */,
				42C919D52486F4960080EC00 /* AppDelegate.swift in Sources */,
				42C919D72486F4960080EC00 /* SceneDelegate.swift in Sources */,
			);
			runOnlyForDeploymentPostprocessing = 0;
		};
/* End PBXSourcesBuildPhase section */

/* Begin PBXVariantGroup section */
		42C919DA2486F4960080EC00 /* Main.storyboard */ = {
			isa = PBXVariantGroup;
			children = (
				42C919DB2486F4960080EC00 /* Base */,
			);
			name = Main.storyboard;
			sourceTree = "<group>";
		};
		42C919DF2486F4980080EC00 /* LaunchScreen.storyboard */ = {
			isa = PBXVariantGroup;
			children = (
				42C919E02486F4980080EC00 /* Base */,
			);
			name = LaunchScreen.storyboard;
			sourceTree = "<group>";
		};
/* End PBXVariantGroup section */

/* Begin XCBuildConfiguration section */
		42C919E32486F4980080EC00 /* Debug */ = {
			isa = XCBuildConfiguration;
			buildSettings = {
				ALWAYS_SEARCH_USER_PATHS = NO;
				CLANG_ANALYZER_NONNULL = YES;
				CLANG_ANALYZER_NUMBER_OBJECT_CONVERSION = YES_AGGRESSIVE;
				CLANG_CXX_LANGUAGE_STANDARD = "gnu++14";
				CLANG_CXX_LIBRARY = "libc++";
				CLANG_ENABLE_MODULES = YES;
				CLANG_ENABLE_OBJC_ARC = YES;
				CLANG_ENABLE_OBJC_WEAK = YES;
				CLANG_WARN_BLOCK_CAPTURE_AUTORELEASING = YES;
				CLANG_WARN_BOOL_CONVERSION = YES;
				CLANG_WARN_COMMA = YES;
				CLANG_WARN_CONSTANT_CONVERSION = YES;
				CLANG_WARN_DEPRECATED_OBJC_IMPLEMENTATIONS = YES;
				CLANG_WARN_DIRECT_OBJC_ISA_USAGE = YES_ERROR;
				CLANG_WARN_DOCUMENTATION_COMMENTS = YES;
				CLANG_WARN_EMPTY_BODY = YES;
				CLANG_WARN_ENUM_CONVERSION = YES;
				CLANG_WARN_INFINITE_RECURSION = YES;
				CLANG_WARN_INT_CONVERSION = YES;
				CLANG_WARN_NON_LITERAL_NULL_CONVERSION = YES;
				CLANG_WARN_OBJC_IMPLICIT_RETAIN_SELF = YES;
				CLANG_WARN_OBJC_LITERAL_CONVERSION = YES;
				CLANG_WARN_OBJC_ROOT_CLASS = YES_ERROR;
				CLANG_WARN_RANGE_LOOP_ANALYSIS = YES;
				CLANG_WARN_STRICT_PROTOTYPES = YES;
				CLANG_WARN_SUSPICIOUS_MOVE = YES;
				CLANG_WARN_UNGUARDED_AVAILABILITY = YES_AGGRESSIVE;
				CLANG_WARN_UNREACHABLE_CODE = YES;
				CLANG_WARN__DUPLICATE_METHOD_MATCH = YES;
				COPY_PHASE_STRIP = NO;
				DEBUG_INFORMATION_FORMAT = dwarf;
				ENABLE_STRICT_OBJC_MSGSEND = YES;
				ENABLE_TESTABILITY = YES;
				GCC_C_LANGUAGE_STANDARD = gnu11;
				GCC_DYNAMIC_NO_PIC = NO;
				GCC_NO_COMMON_BLOCKS = YES;
				GCC_OPTIMIZATION_LEVEL = 0;
				GCC_PREPROCESSOR_DEFINITIONS = (
					"DEBUG=1",
					"$(inherited)",
				);
				GCC_WARN_64_TO_32_BIT_CONVERSION = YES;
				GCC_WARN_ABOUT_RETURN_TYPE = YES_ERROR;
				GCC_WARN_UNDECLARED_SELECTOR = YES;
				GCC_WARN_UNINITIALIZED_AUTOS = YES_AGGRESSIVE;
				GCC_WARN_UNUSED_FUNCTION = YES;
				GCC_WARN_UNUSED_VARIABLE = YES;
				IPHONEOS_DEPLOYMENT_TARGET = 13.5;
				MTL_ENABLE_DEBUG_INFO = INCLUDE_SOURCE;
				MTL_FAST_MATH = YES;
				ONLY_ACTIVE_ARCH = YES;
				SDKROOT = iphoneos;
				SWIFT_ACTIVE_COMPILATION_CONDITIONS = DEBUG;
				SWIFT_OPTIMIZATION_LEVEL = "-Onone";
			};
			name = Debug;
		};
		42C919E42486F4980080EC00 /* Release */ = {
			isa = XCBuildConfiguration;
			buildSettings = {
				ALWAYS_SEARCH_USER_PATHS = NO;
				CLANG_ANALYZER_NONNULL = YES;
				CLANG_ANALYZER_NUMBER_OBJECT_CONVERSION = YES_AGGRESSIVE;
				CLANG_CXX_LANGUAGE_STANDARD = "gnu++14";
				CLANG_CXX_LIBRARY = "libc++";
				CLANG_ENABLE_MODULES = YES;
				CLANG_ENABLE_OBJC_ARC = YES;
				CLANG_ENABLE_OBJC_WEAK = YES;
				CLANG_WARN_BLOCK_CAPTURE_AUTORELEASING = YES;
				CLANG_WARN_BOOL_CONVERSION = YES;
				CLANG_WARN_COMMA = YES;
				CLANG_WARN_CONSTANT_CONVERSION = YES;
				CLANG_WARN_DEPRECATED_OBJC_IMPLEMENTATIONS = YES;
				CLANG_WARN_DIRECT_OBJC_ISA_USAGE = YES_ERROR;
				CLANG_WARN_DOCUMENTATION_COMMENTS = YES;
				CLANG_WARN_EMPTY_BODY = YES;
				CLANG_WARN_ENUM_CONVERSION = YES;
				CLANG_WARN_INFINITE_RECURSION = YES;
				CLANG_WARN_INT_CONVERSION = YES;
				CLANG_WARN_NON_LITERAL_NULL_CONVERSION = YES;
				CLANG_WARN_OBJC_IMPLICIT_RETAIN_SELF = YES;
				CLANG_WARN_OBJC_LITERAL_CONVERSION = YES;
				CLANG_WARN_OBJC_ROOT_CLASS = YES_ERROR;
				CLANG_WARN_RANGE_LOOP_ANALYSIS = YES;
				CLANG_WARN_STRICT_PROTOTYPES = YES;
				CLANG_WARN_SUSPICIOUS_MOVE = YES;
				CLANG_WARN_UNGUARDED_AVAILABILITY = YES_AGGRESSIVE;
				CLANG_WARN_UNREACHABLE_CODE = YES;
				CLANG_WARN__DUPLICATE_METHOD_MATCH = YES;
				COPY_PHASE_STRIP = NO;
				DEBUG_INFORMATION_FORMAT = "dwarf-with-dsym";
				ENABLE_NS_ASSERTIONS = NO;
				ENABLE_STRICT_OBJC_MSGSEND = YES;
				GCC_C_LANGUAGE_STANDARD = gnu11;
				GCC_NO_COMMON_BLOCKS = YES;
				GCC_WARN_64_TO_32_BIT_CONVERSION = YES;
				GCC_WARN_ABOUT_RETURN_TYPE = YES_ERROR;
				GCC_WARN_UNDECLARED_SELECTOR = YES;
				GCC_WARN_UNINITIALIZED_AUTOS = YES_AGGRESSIVE;
				GCC_WARN_UNUSED_FUNCTION = YES;
				GCC_WARN_UNUSED_VARIABLE = YES;
				IPHONEOS_DEPLOYMENT_TARGET = 13.5;
				MTL_ENABLE_DEBUG_INFO = NO;
				MTL_FAST_MATH = YES;
				SDKROOT = iphoneos;
				SWIFT_COMPILATION_MODE = wholemodule;
				SWIFT_OPTIMIZATION_LEVEL = "-O";
				VALIDATE_PRODUCT = YES;
			};
			name = Release;
		};
		42C919E62486F4980080EC00 /* Debug */ = {
			isa = XCBuildConfiguration;
			buildSettings = {
				ASSETCATALOG_COMPILER_APPICON_NAME = AppIcon;
				CODE_SIGN_STYLE = Automatic;
				DEVELOPMENT_TEAM = TEAF832HEC;
				INFOPLIST_FILE = Ikea/Info.plist;
				LD_RUNPATH_SEARCH_PATHS = (
					"$(inherited)",
					"@executable_path/Frameworks",
				);
				PRODUCT_BUNDLE_IDENTIFIER = miso.Ikea;
				PRODUCT_NAME = "$(TARGET_NAME)";
				SWIFT_VERSION = 5.0;
				TARGETED_DEVICE_FAMILY = "1,2";
			};
			name = Debug;
		};
		42C919E72486F4980080EC00 /* Release */ = {
			isa = XCBuildConfiguration;
			buildSettings = {
				ASSETCATALOG_COMPILER_APPICON_NAME = AppIcon;
				CODE_SIGN_STYLE = Automatic;
				DEVELOPMENT_TEAM = TEAF832HEC;
				INFOPLIST_FILE = Ikea/Info.plist;
				LD_RUNPATH_SEARCH_PATHS = (
					"$(inherited)",
					"@executable_path/Frameworks",
				);
				PRODUCT_BUNDLE_IDENTIFIER = miso.Ikea;
				PRODUCT_NAME = "$(TARGET_NAME)";
				SWIFT_VERSION = 5.0;
				TARGETED_DEVICE_FAMILY = "1,2";
			};
			name = Release;
		};
/* End XCBuildConfiguration section */

/* Begin XCConfigurationList section */
		42C919CC2486F4960080EC00 /* Build configuration list for PBXProject "Ikea" */ = {
			isa = XCConfigurationList;
			buildConfigurations = (
				42C919E32486F4980080EC00 /* Debug */,
				42C919E42486F4980080EC00 /* Release */,
			);
			defaultConfigurationIsVisible = 0;
			defaultConfigurationName = Release;
		};
		42C919E52486F4980080EC00 /* Build configuration list for PBXNativeTarget "Ikea" */ = {
			isa = XCConfigurationList;
			buildConfigurations = (
				42C919E62486F4980080EC00 /* Debug */,
				42C919E72486F4980080EC00 /* Release */,
			);
			defaultConfigurationIsVisible = 0;
			defaultConfigurationName = Release;
		};
/* End XCConfigurationList section */
	};
	rootObject = 42C919C92486F4960080EC00 /* Project object */;
}
