// !$*UTF8*$!
{
	archiveVersion = 1;
	classes = {
	};
	objectVersion = 55;
	objects = {

/* Begin PBXBuildFile section */
		42D0EFB127A179DF00A1CE32 /* AppDelegate.swift in Sources */ = {isa = PBXBuildFile; fileRef = 42D0EFB027A179DF00A1CE32 /* AppDelegate.swift */; };
		42D0EFB327A179E000A1CE32 /* SceneDelegate.swift in Sources */ = {isa = PBXBuildFile; fileRef = 42D0EFB227A179E000A1CE32 /* SceneDelegate.swift */; };
		42D0EFB527A179E000A1CE32 /* ViewController.swift in Sources */ = {isa = PBXBuildFile; fileRef = 42D0EFB427A179E000A1CE32 /* ViewController.swift */; };
		42D0EFB827A179E000A1CE32 /* Main.storyboard in Resources */ = {isa = PBXBuildFile; fileRef = 42D0EFB627A179E000A1CE32 /* Main.storyboard */; };
		42D0EFBA27A179E300A1CE32 /* Assets.xcassets in Resources */ = {isa = PBXBuildFile; fileRef = 42D0EFB927A179E300A1CE32 /* Assets.xcassets */; };
		42D0EFBD27A179E300A1CE32 /* LaunchScreen.storyboard in Resources */ = {isa = PBXBuildFile; fileRef = 42D0EFBB27A179E300A1CE32 /* LaunchScreen.storyboard */; };
		42D0EFC827A179E300A1CE32 /* VideoStreamingTests.swift in Sources */ = {isa = PBXBuildFile; fileRef = 42D0EFC727A179E300A1CE32 /* VideoStreamingTests.swift */; };
		42D0EFD227A179E300A1CE32 /* VideoStreamingUITests.swift in Sources */ = {isa = PBXBuildFile; fileRef = 42D0EFD127A179E300A1CE32 /* VideoStreamingUITests.swift */; };
		42D0EFD427A179E300A1CE32 /* VideoStreamingUITestsLaunchTests.swift in Sources */ = {isa = PBXBuildFile; fileRef = 42D0EFD327A179E300A1CE32 /* VideoStreamingUITestsLaunchTests.swift */; };
/* End PBXBuildFile section */

/* Begin PBXContainerItemProxy section */
		42D0EFC427A179E300A1CE32 /* PBXContainerItemProxy */ = {
			isa = PBXContainerItemProxy;
			containerPortal = 42D0EFA527A179DF00A1CE32 /* Project object */;
			proxyType = 1;
			remoteGlobalIDString = 42D0EFAC27A179DF00A1CE32;
			remoteInfo = VideoStreaming;
		};
		42D0EFCE27A179E300A1CE32 /* PBXContainerItemProxy */ = {
			isa = PBXContainerItemProxy;
			containerPortal = 42D0EFA527A179DF00A1CE32 /* Project object */;
			proxyType = 1;
			remoteGlobalIDString = 42D0EFAC27A179DF00A1CE32;
			remoteInfo = VideoStreaming;
		};
/* End PBXContainerItemProxy section */

/* Begin PBXFileReference section */
		42D0EFAD27A179DF00A1CE32 /* VideoStreaming.app */ = {isa = PBXFileReference; explicitFileType = wrapper.application; includeInIndex = 0; path = VideoStreaming.app; sourceTree = BUILT_PRODUCTS_DIR; };
		42D0EFB027A179DF00A1CE32 /* AppDelegate.swift */ = {isa = PBXFileReference; lastKnownFileType = sourcecode.swift; path = AppDelegate.swift; sourceTree = "<group>"; };
		42D0EFB227A179E000A1CE32 /* SceneDelegate.swift */ = {isa = PBXFileReference; lastKnownFileType = sourcecode.swift; path = SceneDelegate.swift; sourceTree = "<group>"; };
		42D0EFB427A179E000A1CE32 /* ViewController.swift */ = {isa = PBXFileReference; lastKnownFileType = sourcecode.swift; path = ViewController.swift; sourceTree = "<group>"; };
		42D0EFB727A179E000A1CE32 /* Base */ = {isa = PBXFileReference; lastKnownFileType = file.storyboard; name = Base; path = Base.lproj/Main.storyboard; sourceTree = "<group>"; };
		42D0EFB927A179E300A1CE32 /* Assets.xcassets */ = {isa = PBXFileReference; lastKnownFileType = folder.assetcatalog; path = Assets.xcassets; sourceTree = "<group>"; };
		42D0EFBC27A179E300A1CE32 /* Base */ = {isa = PBXFileReference; lastKnownFileType = file.storyboard; name = Base; path = Base.lproj/LaunchScreen.storyboard; sourceTree = "<group>"; };
		42D0EFBE27A179E300A1CE32 /* Info.plist */ = {isa = PBXFileReference; lastKnownFileType = text.plist.xml; path = Info.plist; sourceTree = "<group>"; };
		42D0EFC327A179E300A1CE32 /* VideoStreamingTests.xctest */ = {isa = PBXFileReference; explicitFileType = wrapper.cfbundle; includeInIndex = 0; path = VideoStreamingTests.xctest; sourceTree = BUILT_PRODUCTS_DIR; };
		42D0EFC727A179E300A1CE32 /* VideoStreamingTests.swift */ = {isa = PBXFileReference; lastKnownFileType = sourcecode.swift; path = VideoStreamingTests.swift; sourceTree = "<group>"; };
		42D0EFCD27A179E300A1CE32 /* VideoStreamingUITests.xctest */ = {isa = PBXFileReference; explicitFileType = wrapper.cfbundle; includeInIndex = 0; path = VideoStreamingUITests.xctest; sourceTree = BUILT_PRODUCTS_DIR; };
		42D0EFD127A179E300A1CE32 /* VideoStreamingUITests.swift */ = {isa = PBXFileReference; lastKnownFileType = sourcecode.swift; path = VideoStreamingUITests.swift; sourceTree = "<group>"; };
		42D0EFD327A179E300A1CE32 /* VideoStreamingUITestsLaunchTests.swift */ = {isa = PBXFileReference; lastKnownFileType = sourcecode.swift; path = VideoStreamingUITestsLaunchTests.swift; sourceTree = "<group>"; };
/* End PBXFileReference section */

/* Begin PBXFrameworksBuildPhase section */
		42D0EFAA27A179DF00A1CE32 /* Frameworks */ = {
			isa = PBXFrameworksBuildPhase;
			buildActionMask = 2147483647;
			files = (
			);
			runOnlyForDeploymentPostprocessing = 0;
		};
		42D0EFC027A179E300A1CE32 /* Frameworks */ = {
			isa = PBXFrameworksBuildPhase;
			buildActionMask = 2147483647;
			files = (
			);
			runOnlyForDeploymentPostprocessing = 0;
		};
		42D0EFCA27A179E300A1CE32 /* Frameworks */ = {
			isa = PBXFrameworksBuildPhase;
			buildActionMask = 2147483647;
			files = (
			);
			runOnlyForDeploymentPostprocessing = 0;
		};
/* End PBXFrameworksBuildPhase section */

/* Begin PBXGroup section */
		42D0EFA427A179DF00A1CE32 = {
			isa = PBXGroup;
			children = (
				42D0EFAF27A179DF00A1CE32 /* VideoStreaming */,
				42D0EFC627A179E300A1CE32 /* VideoStreamingTests */,
				42D0EFD027A179E300A1CE32 /* VideoStreamingUITests */,
				42D0EFAE27A179DF00A1CE32 /* Products */,
			);
			sourceTree = "<group>";
		};
		42D0EFAE27A179DF00A1CE32 /* Products */ = {
			isa = PBXGroup;
			children = (
				42D0EFAD27A179DF00A1CE32 /* VideoStreaming.app */,
				42D0EFC327A179E300A1CE32 /* VideoStreamingTests.xctest */,
				42D0EFCD27A179E300A1CE32 /* VideoStreamingUITests.xctest */,
			);
			name = Products;
			sourceTree = "<group>";
		};
		42D0EFAF27A179DF00A1CE32 /* VideoStreaming */ = {
			isa = PBXGroup;
			children = (
				42D0EFB027A179DF00A1CE32 /* AppDelegate.swift */,
				42D0EFB227A179E000A1CE32 /* SceneDelegate.swift */,
				42D0EFB427A179E000A1CE32 /* ViewController.swift */,
				42D0EFB627A179E000A1CE32 /* Main.storyboard */,
				42D0EFB927A179E300A1CE32 /* Assets.xcassets */,
				42D0EFBB27A179E300A1CE32 /* LaunchScreen.storyboard */,
				42D0EFBE27A179E300A1CE32 /* Info.plist */,
			);
			path = VideoStreaming;
			sourceTree = "<group>";
		};
		42D0EFC627A179E300A1CE32 /* VideoStreamingTests */ = {
			isa = PBXGroup;
			children = (
				42D0EFC727A179E300A1CE32 /* VideoStreamingTests.swift */,
			);
			path = VideoStreamingTests;
			sourceTree = "<group>";
		};
		42D0EFD027A179E300A1CE32 /* VideoStreamingUITests */ = {
			isa = PBXGroup;
			children = (
				42D0EFD127A179E300A1CE32 /* VideoStreamingUITests.swift */,
				42D0EFD327A179E300A1CE32 /* VideoStreamingUITestsLaunchTests.swift */,
			);
			path = VideoStreamingUITests;
			sourceTree = "<group>";
		};
/* End PBXGroup section */

/* Begin PBXNativeTarget section */
		42D0EFAC27A179DF00A1CE32 /* VideoStreaming */ = {
			isa = PBXNativeTarget;
			buildConfigurationList = 42D0EFD727A179E300A1CE32 /* Build configuration list for PBXNativeTarget "VideoStreaming" */;
			buildPhases = (
				42D0EFA927A179DF00A1CE32 /* Sources */,
				42D0EFAA27A179DF00A1CE32 /* Frameworks */,
				42D0EFAB27A179DF00A1CE32 /* Resources */,
			);
			buildRules = (
			);
			dependencies = (
			);
			name = VideoStreaming;
			productName = VideoStreaming;
			productReference = 42D0EFAD27A179DF00A1CE32 /* VideoStreaming.app */;
			productType = "com.apple.product-type.application";
		};
		42D0EFC227A179E300A1CE32 /* VideoStreamingTests */ = {
			isa = PBXNativeTarget;
			buildConfigurationList = 42D0EFDA27A179E300A1CE32 /* Build configuration list for PBXNativeTarget "VideoStreamingTests" */;
			buildPhases = (
				42D0EFBF27A179E300A1CE32 /* Sources */,
				42D0EFC027A179E300A1CE32 /* Frameworks */,
				42D0EFC127A179E300A1CE32 /* Resources */,
			);
			buildRules = (
			);
			dependencies = (
				42D0EFC527A179E300A1CE32 /* PBXTargetDependency */,
			);
			name = VideoStreamingTests;
			productName = VideoStreamingTests;
			productReference = 42D0EFC327A179E300A1CE32 /* VideoStreamingTests.xctest */;
			productType = "com.apple.product-type.bundle.unit-test";
		};
		42D0EFCC27A179E300A1CE32 /* VideoStreamingUITests */ = {
			isa = PBXNativeTarget;
			buildConfigurationList = 42D0EFDD27A179E300A1CE32 /* Build configuration list for PBXNativeTarget "VideoStreamingUITests" */;
			buildPhases = (
				42D0EFC927A179E300A1CE32 /* Sources */,
				42D0EFCA27A179E300A1CE32 /* Frameworks */,
				42D0EFCB27A179E300A1CE32 /* Resources */,
			);
			buildRules = (
			);
			dependencies = (
				42D0EFCF27A179E300A1CE32 /* PBXTargetDependency */,
			);
			name = VideoStreamingUITests;
			productName = VideoStreamingUITests;
			productReference = 42D0EFCD27A179E300A1CE32 /* VideoStreamingUITests.xctest */;
			productType = "com.apple.product-type.bundle.ui-testing";
		};
/* End PBXNativeTarget section */

/* Begin PBXProject section */
		42D0EFA527A179DF00A1CE32 /* Project object */ = {
			isa = PBXProject;
			attributes = {
				BuildIndependentTargetsInParallel = 1;
				LastSwiftUpdateCheck = 1320;
				LastUpgradeCheck = 1320;
				TargetAttributes = {
					42D0EFAC27A179DF00A1CE32 = {
						CreatedOnToolsVersion = 13.2.1;
					};
					42D0EFC227A179E300A1CE32 = {
						CreatedOnToolsVersion = 13.2.1;
						TestTargetID = 42D0EFAC27A179DF00A1CE32;
					};
					42D0EFCC27A179E300A1CE32 = {
						CreatedOnToolsVersion = 13.2.1;
						TestTargetID = 42D0EFAC27A179DF00A1CE32;
					};
				};
			};
			buildConfigurationList = 42D0EFA827A179DF00A1CE32 /* Build configuration list for PBXProject "VideoStreaming" */;
			compatibilityVersion = "Xcode 13.0";
			developmentRegion = en;
			hasScannedForEncodings = 0;
			knownRegions = (
				en,
				Base,
			);
			mainGroup = 42D0EFA427A179DF00A1CE32;
			productRefGroup = 42D0EFAE27A179DF00A1CE32 /* Products */;
			projectDirPath = "";
			projectRoot = "";
			targets = (
				42D0EFAC27A179DF00A1CE32 /* VideoStreaming */,
				42D0EFC227A179E300A1CE32 /* VideoStreamingTests */,
				42D0EFCC27A179E300A1CE32 /* VideoStreamingUITests */,
			);
		};
/* End PBXProject section */

/* Begin PBXResourcesBuildPhase section */
		42D0EFAB27A179DF00A1CE32 /* Resources */ = {
			isa = PBXResourcesBuildPhase;
			buildActionMask = 2147483647;
			files = (
				42D0EFBD27A179E300A1CE32 /* LaunchScreen.storyboard in Resources */,
				42D0EFBA27A179E300A1CE32 /* Assets.xcassets in Resources */,
				42D0EFB827A179E000A1CE32 /* Main.storyboard in Resources */,
			);
			runOnlyForDeploymentPostprocessing = 0;
		};
		42D0EFC127A179E300A1CE32 /* Resources */ = {
			isa = PBXResourcesBuildPhase;
			buildActionMask = 2147483647;
			files = (
			);
			runOnlyForDeploymentPostprocessing = 0;
		};
		42D0EFCB27A179E300A1CE32 /* Resources */ = {
			isa = PBXResourcesBuildPhase;
			buildActionMask = 2147483647;
			files = (
			);
			runOnlyForDeploymentPostprocessing = 0;
		};
/* End PBXResourcesBuildPhase section */

/* Begin PBXSourcesBuildPhase section */
		42D0EFA927A179DF00A1CE32 /* Sources */ = {
			isa = PBXSourcesBuildPhase;
			buildActionMask = 2147483647;
			files = (
				42D0EFB527A179E000A1CE32 /* ViewController.swift in Sources */,
				42D0EFB127A179DF00A1CE32 /* AppDelegate.swift in Sources */,
				42D0EFB327A179E000A1CE32 /* SceneDelegate.swift in Sources */,
			);
			runOnlyForDeploymentPostprocessing = 0;
		};
		42D0EFBF27A179E300A1CE32 /* Sources */ = {
			isa = PBXSourcesBuildPhase;
			buildActionMask = 2147483647;
			files = (
				42D0EFC827A179E300A1CE32 /* VideoStreamingTests.swift in Sources */,
			);
			runOnlyForDeploymentPostprocessing = 0;
		};
		42D0EFC927A179E300A1CE32 /* Sources */ = {
			isa = PBXSourcesBuildPhase;
			buildActionMask = 2147483647;
			files = (
				42D0EFD227A179E300A1CE32 /* VideoStreamingUITests.swift in Sources */,
				42D0EFD427A179E300A1CE32 /* VideoStreamingUITestsLaunchTests.swift in Sources */,
			);
			runOnlyForDeploymentPostprocessing = 0;
		};
/* End PBXSourcesBuildPhase section */

/* Begin PBXTargetDependency section */
		42D0EFC527A179E300A1CE32 /* PBXTargetDependency */ = {
			isa = PBXTargetDependency;
			target = 42D0EFAC27A179DF00A1CE32 /* VideoStreaming */;
			targetProxy = 42D0EFC427A179E300A1CE32 /* PBXContainerItemProxy */;
		};
		42D0EFCF27A179E300A1CE32 /* PBXTargetDependency */ = {
			isa = PBXTargetDependency;
			target = 42D0EFAC27A179DF00A1CE32 /* VideoStreaming */;
			targetProxy = 42D0EFCE27A179E300A1CE32 /* PBXContainerItemProxy */;
		};
/* End PBXTargetDependency section */

/* Begin PBXVariantGroup section */
		42D0EFB627A179E000A1CE32 /* Main.storyboard */ = {
			isa = PBXVariantGroup;
			children = (
				42D0EFB727A179E000A1CE32 /* Base */,
			);
			name = Main.storyboard;
			sourceTree = "<group>";
		};
		42D0EFBB27A179E300A1CE32 /* LaunchScreen.storyboard */ = {
			isa = PBXVariantGroup;
			children = (
				42D0EFBC27A179E300A1CE32 /* Base */,
			);
			name = LaunchScreen.storyboard;
			sourceTree = "<group>";
		};
/* End PBXVariantGroup section */

/* Begin XCBuildConfiguration section */
		42D0EFD527A179E300A1CE32 /* Debug */ = {
			isa = XCBuildConfiguration;
			buildSettings = {
				ALWAYS_SEARCH_USER_PATHS = NO;
				CLANG_ANALYZER_NONNULL = YES;
				CLANG_ANALYZER_NUMBER_OBJECT_CONVERSION = YES_AGGRESSIVE;
				CLANG_CXX_LANGUAGE_STANDARD = "gnu++17";
				CLANG_CXX_LIBRARY = "libc++";
				CLANG_ENABLE_MODULES = YES;
				CLANG_ENABLE_OBJC_ARC = YES;
				CLANG_ENABLE_OBJC_WEAK = YES;
				CLANG_WARN_BLOCK_CAPTURE_AUTORELEASING = YES;
				CLANG_WARN_BOOL_CONVERSION = YES;
				CLANG_WARN_COMMA = YES;
				CLANG_WARN_CONSTANT_CONVERSION = YES;
				CLANG_WARN_DEPRECATED_OBJC_IMPLEMENTATIONS = YES;
				CLANG_WARN_DIRECT_OBJC_ISA_USAGE = YES_ERROR;
				CLANG_WARN_DOCUMENTATION_COMMENTS = YES;
				CLANG_WARN_EMPTY_BODY = YES;
				CLANG_WARN_ENUM_CONVERSION = YES;
				CLANG_WARN_INFINITE_RECURSION = YES;
				CLANG_WARN_INT_CONVERSION = YES;
				CLANG_WARN_NON_LITERAL_NULL_CONVERSION = YES;
				CLANG_WARN_OBJC_IMPLICIT_RETAIN_SELF = YES;
				CLANG_WARN_OBJC_LITERAL_CONVERSION = YES;
				CLANG_WARN_OBJC_ROOT_CLASS = YES_ERROR;
				CLANG_WARN_QUOTED_INCLUDE_IN_FRAMEWORK_HEADER = YES;
				CLANG_WARN_RANGE_LOOP_ANALYSIS = YES;
				CLANG_WARN_STRICT_PROTOTYPES = YES;
				CLANG_WARN_SUSPICIOUS_MOVE = YES;
				CLANG_WARN_UNGUARDED_AVAILABILITY = YES_AGGRESSIVE;
				CLANG_WARN_UNREACHABLE_CODE = YES;
				CLANG_WARN__DUPLICATE_METHOD_MATCH = YES;
				COPY_PHASE_STRIP = NO;
				DEBUG_INFORMATION_FORMAT = dwarf;
				ENABLE_STRICT_OBJC_MSGSEND = YES;
				ENABLE_TESTABILITY = YES;
				GCC_C_LANGUAGE_STANDARD = gnu11;
				GCC_DYNAMIC_NO_PIC = NO;
				GCC_NO_COMMON_BLOCKS = YES;
				GCC_OPTIMIZATION_LEVEL = 0;
				GCC_PREPROCESSOR_DEFINITIONS = (
					"DEBUG=1",
					"$(inherited)",
				);
				GCC_WARN_64_TO_32_BIT_CONVERSION = YES;
				GCC_WARN_ABOUT_RETURN_TYPE = YES_ERROR;
				GCC_WARN_UNDECLARED_SELECTOR = YES;
				GCC_WARN_UNINITIALIZED_AUTOS = YES_AGGRESSIVE;
				GCC_WARN_UNUSED_FUNCTION = YES;
				GCC_WARN_UNUSED_VARIABLE = YES;
				IPHONEOS_DEPLOYMENT_TARGET = 15.2;
				MTL_ENABLE_DEBUG_INFO = INCLUDE_SOURCE;
				MTL_FAST_MATH = YES;
				ONLY_ACTIVE_ARCH = YES;
				SDKROOT = iphoneos;
				SWIFT_ACTIVE_COMPILATION_CONDITIONS = DEBUG;
				SWIFT_OPTIMIZATION_LEVEL = "-Onone";
			};
			name = Debug;
		};
		42D0EFD627A179E300A1CE32 /* Release */ = {
			isa = XCBuildConfiguration;
			buildSettings = {
				ALWAYS_SEARCH_USER_PATHS = NO;
				CLANG_ANALYZER_NONNULL = YES;
				CLANG_ANALYZER_NUMBER_OBJECT_CONVERSION = YES_AGGRESSIVE;
				CLANG_CXX_LANGUAGE_STANDARD = "gnu++17";
				CLANG_CXX_LIBRARY = "libc++";
				CLANG_ENABLE_MODULES = YES;
				CLANG_ENABLE_OBJC_ARC = YES;
				CLANG_ENABLE_OBJC_WEAK = YES;
				CLANG_WARN_BLOCK_CAPTURE_AUTORELEASING = YES;
				CLANG_WARN_BOOL_CONVERSION = YES;
				CLANG_WARN_COMMA = YES;
				CLANG_WARN_CONSTANT_CONVERSION = YES;
				CLANG_WARN_DEPRECATED_OBJC_IMPLEMENTATIONS = YES;
				CLANG_WARN_DIRECT_OBJC_ISA_USAGE = YES_ERROR;
				CLANG_WARN_DOCUMENTATION_COMMENTS = YES;
				CLANG_WARN_EMPTY_BODY = YES;
				CLANG_WARN_ENUM_CONVERSION = YES;
				CLANG_WARN_INFINITE_RECURSION = YES;
				CLANG_WARN_INT_CONVERSION = YES;
				CLANG_WARN_NON_LITERAL_NULL_CONVERSION = YES;
				CLANG_WARN_OBJC_IMPLICIT_RETAIN_SELF = YES;
				CLANG_WARN_OBJC_LITERAL_CONVERSION = YES;
				CLANG_WARN_OBJC_ROOT_CLASS = YES_ERROR;
				CLANG_WARN_QUOTED_INCLUDE_IN_FRAMEWORK_HEADER = YES;
				CLANG_WARN_RANGE_LOOP_ANALYSIS = YES;
				CLANG_WARN_STRICT_PROTOTYPES = YES;
				CLANG_WARN_SUSPICIOUS_MOVE = YES;
				CLANG_WARN_UNGUARDED_AVAILABILITY = YES_AGGRESSIVE;
				CLANG_WARN_UNREACHABLE_CODE = YES;
				CLANG_WARN__DUPLICATE_METHOD_MATCH = YES;
				COPY_PHASE_STRIP = NO;
				DEBUG_INFORMATION_FORMAT = "dwarf-with-dsym";
				ENABLE_NS_ASSERTIONS = NO;
				ENABLE_STRICT_OBJC_MSGSEND = YES;
				GCC_C_LANGUAGE_STANDARD = gnu11;
				GCC_NO_COMMON_BLOCKS = YES;
				GCC_WARN_64_TO_32_BIT_CONVERSION = YES;
				GCC_WARN_ABOUT_RETURN_TYPE = YES_ERROR;
				GCC_WARN_UNDECLARED_SELECTOR = YES;
				GCC_WARN_UNINITIALIZED_AUTOS = YES_AGGRESSIVE;
				GCC_WARN_UNUSED_FUNCTION = YES;
				GCC_WARN_UNUSED_VARIABLE = YES;
				IPHONEOS_DEPLOYMENT_TARGET = 15.2;
				MTL_ENABLE_DEBUG_INFO = NO;
				MTL_FAST_MATH = YES;
				SDKROOT = iphoneos;
				SWIFT_COMPILATION_MODE = wholemodule;
				SWIFT_OPTIMIZATION_LEVEL = "-O";
				VALIDATE_PRODUCT = YES;
			};
			name = Release;
		};
		42D0EFD827A179E300A1CE32 /* Debug */ = {
			isa = XCBuildConfiguration;
			buildSettings = {
				ASSETCATALOG_COMPILER_APPICON_NAME = AppIcon;
				ASSETCATALOG_COMPILER_GLOBAL_ACCENT_COLOR_NAME = AccentColor;
				CODE_SIGN_STYLE = Automatic;
				CURRENT_PROJECT_VERSION = 1;
				DEVELOPMENT_TEAM = TEAF832HEC;
				GENERATE_INFOPLIST_FILE = YES;
				INFOPLIST_FILE = VideoStreaming/Info.plist;
				INFOPLIST_KEY_UIApplicationSupportsIndirectInputEvents = YES;
				INFOPLIST_KEY_UILaunchStoryboardName = LaunchScreen;
				INFOPLIST_KEY_UIMainStoryboardFile = Main;
				INFOPLIST_KEY_UISupportedInterfaceOrientations_iPad = "UIInterfaceOrientationPortrait UIInterfaceOrientationPortraitUpsideDown UIInterfaceOrientationLandscapeLeft UIInterfaceOrientationLandscapeRight";
				INFOPLIST_KEY_UISupportedInterfaceOrientations_iPhone = "UIInterfaceOrientationPortrait UIInterfaceOrientationLandscapeLeft UIInterfaceOrientationLandscapeRight";
				LD_RUNPATH_SEARCH_PATHS = (
					"$(inherited)",
					"@executable_path/Frameworks",
				);
				MARKETING_VERSION = 1.0;
				PRODUCT_BUNDLE_IDENTIFIER = com.miso.VideoStreaming;
				PRODUCT_NAME = "$(TARGET_NAME)";
				SWIFT_EMIT_LOC_STRINGS = YES;
				SWIFT_VERSION = 5.0;
				TARGETED_DEVICE_FAMILY = "1,2";
			};
			name = Debug;
		};
		42D0EFD927A179E300A1CE32 /* Release */ = {
			isa = XCBuildConfiguration;
			buildSettings = {
				ASSETCATALOG_COMPILER_APPICON_NAME = AppIcon;
				ASSETCATALOG_COMPILER_GLOBAL_ACCENT_COLOR_NAME = AccentColor;
				CODE_SIGN_STYLE = Automatic;
				CURRENT_PROJECT_VERSION = 1;
				DEVELOPMENT_TEAM = TEAF832HEC;
				GENERATE_INFOPLIST_FILE = YES;
				INFOPLIST_FILE = VideoStreaming/Info.plist;
				INFOPLIST_KEY_UIApplicationSupportsIndirectInputEvents = YES;
				INFOPLIST_KEY_UILaunchStoryboardName = LaunchScreen;
				INFOPLIST_KEY_UIMainStoryboardFile = Main;
				INFOPLIST_KEY_UISupportedInterfaceOrientations_iPad = "UIInterfaceOrientationPortrait UIInterfaceOrientationPortraitUpsideDown UIInterfaceOrientationLandscapeLeft UIInterfaceOrientationLandscapeRight";
				INFOPLIST_KEY_UISupportedInterfaceOrientations_iPhone = "UIInterfaceOrientationPortrait UIInterfaceOrientationLandscapeLeft UIInterfaceOrientationLandscapeRight";
				LD_RUNPATH_SEARCH_PATHS = (
					"$(inherited)",
					"@executable_path/Frameworks",
				);
				MARKETING_VERSION = 1.0;
				PRODUCT_BUNDLE_IDENTIFIER = com.miso.VideoStreaming;
				PRODUCT_NAME = "$(TARGET_NAME)";
				SWIFT_EMIT_LOC_STRINGS = YES;
				SWIFT_VERSION = 5.0;
				TARGETED_DEVICE_FAMILY = "1,2";
			};
			name = Release;
		};
		42D0EFDB27A179E300A1CE32 /* Debug */ = {
			isa = XCBuildConfiguration;
			buildSettings = {
				ALWAYS_EMBED_SWIFT_STANDARD_LIBRARIES = YES;
				BUNDLE_LOADER = "$(TEST_HOST)";
				CODE_SIGN_STYLE = Automatic;
				CURRENT_PROJECT_VERSION = 1;
				DEVELOPMENT_TEAM = TEAF832HEC;
				GENERATE_INFOPLIST_FILE = YES;
				IPHONEOS_DEPLOYMENT_TARGET = 15.2;
				MARKETING_VERSION = 1.0;
				PRODUCT_BUNDLE_IDENTIFIER = com.miso.VideoStreamingTests;
				PRODUCT_NAME = "$(TARGET_NAME)";
				SWIFT_EMIT_LOC_STRINGS = NO;
				SWIFT_VERSION = 5.0;
				TARGETED_DEVICE_FAMILY = "1,2";
				TEST_HOST = "$(BUILT_PRODUCTS_DIR)/VideoStreaming.app/VideoStreaming";
			};
			name = Debug;
		};
		42D0EFDC27A179E300A1CE32 /* Release */ = {
			isa = XCBuildConfiguration;
			buildSettings = {
				ALWAYS_EMBED_SWIFT_STANDARD_LIBRARIES = YES;
				BUNDLE_LOADER = "$(TEST_HOST)";
				CODE_SIGN_STYLE = Automatic;
				CURRENT_PROJECT_VERSION = 1;
				DEVELOPMENT_TEAM = TEAF832HEC;
				GENERATE_INFOPLIST_FILE = YES;
				IPHONEOS_DEPLOYMENT_TARGET = 15.2;
				MARKETING_VERSION = 1.0;
				PRODUCT_BUNDLE_IDENTIFIER = com.miso.VideoStreamingTests;
				PRODUCT_NAME = "$(TARGET_NAME)";
				SWIFT_EMIT_LOC_STRINGS = NO;
				SWIFT_VERSION = 5.0;
				TARGETED_DEVICE_FAMILY = "1,2";
				TEST_HOST = "$(BUILT_PRODUCTS_DIR)/VideoStreaming.app/VideoStreaming";
			};
			name = Release;
		};
		42D0EFDE27A179E300A1CE32 /* Debug */ = {
			isa = XCBuildConfiguration;
			buildSettings = {
				ALWAYS_EMBED_SWIFT_STANDARD_LIBRARIES = YES;
				CODE_SIGN_STYLE = Automatic;
				CURRENT_PROJECT_VERSION = 1;
				DEVELOPMENT_TEAM = TEAF832HEC;
				GENERATE_INFOPLIST_FILE = YES;
				MARKETING_VERSION = 1.0;
				PRODUCT_BUNDLE_IDENTIFIER = com.miso.VideoStreamingUITests;
				PRODUCT_NAME = "$(TARGET_NAME)";
				SWIFT_EMIT_LOC_STRINGS = NO;
				SWIFT_VERSION = 5.0;
				TARGETED_DEVICE_FAMILY = "1,2";
				TEST_TARGET_NAME = VideoStreaming;
			};
			name = Debug;
		};
		42D0EFDF27A179E300A1CE32 /* Release */ = {
			isa = XCBuildConfiguration;
			buildSettings = {
				ALWAYS_EMBED_SWIFT_STANDARD_LIBRARIES = YES;
				CODE_SIGN_STYLE = Automatic;
				CURRENT_PROJECT_VERSION = 1;
				DEVELOPMENT_TEAM = TEAF832HEC;
				GENERATE_INFOPLIST_FILE = YES;
				MARKETING_VERSION = 1.0;
				PRODUCT_BUNDLE_IDENTIFIER = com.miso.VideoStreamingUITests;
				PRODUCT_NAME = "$(TARGET_NAME)";
				SWIFT_EMIT_LOC_STRINGS = NO;
				SWIFT_VERSION = 5.0;
				TARGETED_DEVICE_FAMILY = "1,2";
				TEST_TARGET_NAME = VideoStreaming;
			};
			name = Release;
		};
/* End XCBuildConfiguration section */

/* Begin XCConfigurationList section */
		42D0EFA827A179DF00A1CE32 /* Build configuration list for PBXProject "VideoStreaming" */ = {
			isa = XCConfigurationList;
			buildConfigurations = (
				42D0EFD527A179E300A1CE32 /* Debug */,
				42D0EFD627A179E300A1CE32 /* Release */,
			);
			defaultConfigurationIsVisible = 0;
			defaultConfigurationName = Release;
		};
		42D0EFD727A179E300A1CE32 /* Build configuration list for PBXNativeTarget "VideoStreaming" */ = {
			isa = XCConfigurationList;
			buildConfigurations = (
				42D0EFD827A179E300A1CE32 /* Debug */,
				42D0EFD927A179E300A1CE32 /* Release */,
			);
			defaultConfigurationIsVisible = 0;
			defaultConfigurationName = Release;
		};
		42D0EFDA27A179E300A1CE32 /* Build configuration list for PBXNativeTarget "VideoStreamingTests" */ = {
			isa = XCConfigurationList;
			buildConfigurations = (
				42D0EFDB27A179E300A1CE32 /* Debug */,
				42D0EFDC27A179E300A1CE32 /* Release */,
			);
			defaultConfigurationIsVisible = 0;
			defaultConfigurationName = Release;
		};
		42D0EFDD27A179E300A1CE32 /* Build configuration list for PBXNativeTarget "VideoStreamingUITests" */ = {
			isa = XCConfigurationList;
			buildConfigurations = (
				42D0EFDE27A179E300A1CE32 /* Debug */,
				42D0EFDF27A179E300A1CE32 /* Release */,
			);
			defaultConfigurationIsVisible = 0;
			defaultConfigurationName = Release;
		};
/* End XCConfigurationList section */
	};
	rootObject = 42D0EFA527A179DF00A1CE32 /* Project object */;
}
